
Microsoft Visual Studio Solution File, Format Version 12.00
# Visual Studio Version 16
VisualStudioVersion = 16.0.29905.134
MinimumVisualStudioVersion = 10.0.40219.1
Project("{9A19103F-16F7-4668-BE54-9A1E7A4F7556}") = "MagisterkaApp", "MagisterkaApp\MagisterkaApp.csproj", "{E6A86464-11F5-405C-A28F-F7BF39A8469D}"
EndProject
Project("{9A19103F-16F7-4668-BE54-9A1E7A4F7556}") = "MagisterkaApp.Domain", "MagisterkaApp.Domain\MagisterkaApp.Domain.csproj", "{33B25540-A3EA-4C2C-9309-FA00C650E67C}"
EndProject
Project("{FAE04EC0-301F-11D3-BF4B-00C04F79EFBC}") = "MagisterkaApp.UI", "MagisterkaApp.UI\MagisterkaApp.UI.csproj", "{0EBED77E-09BB-442C-8765-B6BB8B8FBE55}"
EndProject
Project("{9A19103F-16F7-4668-BE54-9A1E7A4F7556}") = "MagisterkaApp.Calculator", "MagisterkaApp.Calculator\MagisterkaApp.Calculator.csproj", "{F4DF5580-0230-4B53-B092-99FE4515B991}"
EndProject
Project("{9A19103F-16F7-4668-BE54-9A1E7A4F7556}") = "Practise", "Practise\Practise.csproj", "{92314E98-9773-41B7-B617-479D45A82D00}"
EndProject
Project("{9A19103F-16F7-4668-BE54-9A1E7A4F7556}") = "MagisterkaApp.Repo", "MagisterkaApp.Repo\MagisterkaApp.Repo.csproj", "{7EE9815C-6E9E-431C-9CC5-DBDEAC6D798D}"
EndProject
Project("{FAE04EC0-301F-11D3-BF4B-00C04F79EFBC}") = "MagisterkaApp.Tests", "MagisterkaApp.Tests\MagisterkaApp.Tests.csproj", "{19AB7508-B321-4E47-8516-EF520181D654}"
EndProject
Global
	GlobalSection(SolutionConfigurationPlatforms) = preSolution
		Debug|Any CPU = Debug|Any CPU
		Debug|x64 = Debug|x64
		Release|Any CPU = Release|Any CPU
		Release|x64 = Release|x64
	EndGlobalSection
	GlobalSection(ProjectConfigurationPlatforms) = postSolution
		{E6A86464-11F5-405C-A28F-F7BF39A8469D}.Debug|Any CPU.ActiveCfg = Debug|Any CPU
		{E6A86464-11F5-405C-A28F-F7BF39A8469D}.Debug|Any CPU.Build.0 = Debug|Any CPU
		{E6A86464-11F5-405C-A28F-F7BF39A8469D}.Debug|x64.ActiveCfg = Debug|Any CPU
		{E6A86464-11F5-405C-A28F-F7BF39A8469D}.Debug|x64.Build.0 = Debug|Any CPU
		{E6A86464-11F5-405C-A28F-F7BF39A8469D}.Release|Any CPU.ActiveCfg = Release|Any CPU
		{E6A86464-11F5-405C-A28F-F7BF39A8469D}.Release|Any CPU.Build.0 = Release|Any CPU
		{E6A86464-11F5-405C-A28F-F7BF39A8469D}.Release|x64.ActiveCfg = Release|Any CPU
		{E6A86464-11F5-405C-A28F-F7BF39A8469D}.Release|x64.Build.0 = Release|Any CPU
		{33B25540-A3EA-4C2C-9309-FA00C650E67C}.Debug|Any CPU.ActiveCfg = Debug|Any CPU
		{33B25540-A3EA-4C2C-9309-FA00C650E67C}.Debug|Any CPU.Build.0 = Debug|Any CPU
		{33B25540-A3EA-4C2C-9309-FA00C650E67C}.Debug|x64.ActiveCfg = Debug|Any CPU
		{33B25540-A3EA-4C2C-9309-FA00C650E67C}.Debug|x64.Build.0 = Debug|Any CPU
		{33B25540-A3EA-4C2C-9309-FA00C650E67C}.Release|Any CPU.ActiveCfg = Release|Any CPU
		{33B25540-A3EA-4C2C-9309-FA00C650E67C}.Release|Any CPU.Build.0 = Release|Any CPU
		{33B25540-A3EA-4C2C-9309-FA00C650E67C}.Release|x64.ActiveCfg = Release|Any CPU
		{33B25540-A3EA-4C2C-9309-FA00C650E67C}.Release|x64.Build.0 = Release|Any CPU
		{0EBED77E-09BB-442C-8765-B6BB8B8FBE55}.Debug|Any CPU.ActiveCfg = Debug|Any CPU
		{0EBED77E-09BB-442C-8765-B6BB8B8FBE55}.Debug|Any CPU.Build.0 = Debug|Any CPU
		{0EBED77E-09BB-442C-8765-B6BB8B8FBE55}.Debug|x64.ActiveCfg = Debug|x64
		{0EBED77E-09BB-442C-8765-B6BB8B8FBE55}.Debug|x64.Build.0 = Debug|x64
		{0EBED77E-09BB-442C-8765-B6BB8B8FBE55}.Release|Any CPU.ActiveCfg = Release|Any CPU
		{0EBED77E-09BB-442C-8765-B6BB8B8FBE55}.Release|Any CPU.Build.0 = Release|Any CPU
		{0EBED77E-09BB-442C-8765-B6BB8B8FBE55}.Release|x64.ActiveCfg = Release|x64
		{0EBED77E-09BB-442C-8765-B6BB8B8FBE55}.Release|x64.Build.0 = Release|x64
		{F4DF5580-0230-4B53-B092-99FE4515B991}.Debug|Any CPU.ActiveCfg = Debug|Any CPU
		{F4DF5580-0230-4B53-B092-99FE4515B991}.Debug|Any CPU.Build.0 = Debug|Any CPU
		{F4DF5580-0230-4B53-B092-99FE4515B991}.Debug|x64.ActiveCfg = Debug|Any CPU
		{F4DF5580-0230-4B53-B092-99FE4515B991}.Debug|x64.Build.0 = Debug|Any CPU
		{F4DF5580-0230-4B53-B092-99FE4515B991}.Release|Any CPU.ActiveCfg = Release|Any CPU
		{F4DF5580-0230-4B53-B092-99FE4515B991}.Release|Any CPU.Build.0 = Release|Any CPU
		{F4DF5580-0230-4B53-B092-99FE4515B991}.Release|x64.ActiveCfg = Release|Any CPU
		{F4DF5580-0230-4B53-B092-99FE4515B991}.Release|x64.Build.0 = Release|Any CPU
		{92314E98-9773-41B7-B617-479D45A82D00}.Debug|Any CPU.ActiveCfg = Debug|Any CPU
		{92314E98-9773-41B7-B617-479D45A82D00}.Debug|Any CPU.Build.0 = Debug|Any CPU
		{92314E98-9773-41B7-B617-479D45A82D00}.Debug|x64.ActiveCfg = Debug|Any CPU
		{92314E98-9773-41B7-B617-479D45A82D00}.Debug|x64.Build.0 = Debug|Any CPU
		{92314E98-9773-41B7-B617-479D45A82D00}.Release|Any CPU.ActiveCfg = Release|Any CPU
		{92314E98-9773-41B7-B617-479D45A82D00}.Release|Any CPU.Build.0 = Release|Any CPU
		{92314E98-9773-41B7-B617-479D45A82D00}.Release|x64.ActiveCfg = Release|Any CPU
		{92314E98-9773-41B7-B617-479D45A82D00}.Release|x64.Build.0 = Release|Any CPU
		{7EE9815C-6E9E-431C-9CC5-DBDEAC6D798D}.Debug|Any CPU.ActiveCfg = Debug|Any CPU
		{7EE9815C-6E9E-431C-9CC5-DBDEAC6D798D}.Debug|Any CPU.Build.0 = Debug|Any CPU
		{7EE9815C-6E9E-431C-9CC5-DBDEAC6D798D}.Debug|x64.ActiveCfg = Debug|Any CPU
		{7EE9815C-6E9E-431C-9CC5-DBDEAC6D798D}.Debug|x64.Build.0 = Debug|Any CPU
		{7EE9815C-6E9E-431C-9CC5-DBDEAC6D798D}.Release|Any CPU.ActiveCfg = Release|Any CPU
		{7EE9815C-6E9E-431C-9CC5-DBDEAC6D798D}.Release|Any CPU.Build.0 = Release|Any CPU
		{7EE9815C-6E9E-431C-9CC5-DBDEAC6D798D}.Release|x64.ActiveCfg = Release|Any CPU
		{7EE9815C-6E9E-431C-9CC5-DBDEAC6D798D}.Release|x64.Build.0 = Release|Any CPU
		{19AB7508-B321-4E47-8516-EF520181D654}.Debug|Any CPU.ActiveCfg = Debug|Any CPU
		{19AB7508-B321-4E47-8516-EF520181D654}.Debug|Any CPU.Build.0 = Debug|Any CPU
		{19AB7508-B321-4E47-8516-EF520181D654}.Debug|x64.ActiveCfg = Debug|Any CPU
		{19AB7508-B321-4E47-8516-EF520181D654}.Debug|x64.Build.0 = Debug|Any CPU
		{19AB7508-B321-4E47-8516-EF520181D654}.Release|Any CPU.ActiveCfg = Release|Any CPU
		{19AB7508-B321-4E47-8516-EF520181D654}.Release|Any CPU.Build.0 = Release|Any CPU
		{19AB7508-B321-4E47-8516-EF520181D654}.Release|x64.ActiveCfg = Release|Any CPU
		{19AB7508-B321-4E47-8516-EF520181D654}.Release|x64.Build.0 = Release|Any CPU
	EndGlobalSection
	GlobalSection(SolutionProperties) = preSolution
		HideSolutionNode = FALSE
	EndGlobalSection
	GlobalSection(ExtensibilityGlobals) = postSolution
		SolutionGuid = {D75DBED5-63B9-44D8-87D6-450638F3FBDA}
	EndGlobalSection
EndGlobal
